
Microsoft Visual Studio Solution File, Format Version 12.00
# Visual Studio Version 17
VisualStudioVersion = 17.14.36623.8 d17.14
MinimumVisualStudioVersion = 10.0.40219.1
Project("{FAE04EC0-301F-11D3-BF4B-00C04F79EFBC}") = "PeriodCalculator", "PeriodCalculator\PeriodCalculator.csproj", "{D43789F9-E31E-49AB-A66A-61B522D0A356}"
EndProject
Global
	GlobalSection(SolutionConfigurationPlatforms) = preSolution
		Debug|Any CPU = Debug|Any CPU
		Release|Any CPU = Release|Any CPU
	EndGlobalSection
	GlobalSection(ProjectConfigurationPlatforms) = postSolution
		{D43789F9-E31E-49AB-A66A-61B522D0A356}.Debug|Any CPU.ActiveCfg = Debug|Any CPU
		{D43789F9-E31E-49AB-A66A-61B522D0A356}.Debug|Any CPU.Build.0 = Debug|Any CPU
		{D43789F9-E31E-49AB-A66A-61B522D0A356}.Release|Any CPU.ActiveCfg = Release|Any CPU
		{D43789F9-E31E-49AB-A66A-61B522D0A356}.Release|Any CPU.Build.0 = Release|Any CPU
	EndGlobalSection
	GlobalSection(SolutionProperties) = preSolution
		HideSolutionNode = FALSE
	EndGlobalSection
	GlobalSection(ExtensibilityGlobals) = postSolution
		SolutionGuid = {244DA40D-BF3B-4907-A7BF-48B853D42F9C}
	EndGlobalSection
EndGlobal
